
Microsoft Visual Studio Solution File, Format Version 12.00
# Visual Studio Express 2013 for Windows Desktop
VisualStudioVersion = 12.0.30723.0
MinimumVisualStudioVersion = 10.0.40219.1
Project("{FAE04EC0-301F-11D3-BF4B-00C04F79EFBC}") = "01.OddLines", "textFiles\01.OddLines.csproj", "{32B3FC08-C1C1-406B-8D37-44DCA24F42A4}"
EndProject
Project("{FAE04EC0-301F-11D3-BF4B-00C04F79EFBC}") = "02.Concatenate", "02.Concatenate\02.Concatenate.csproj", "{551413AB-27BF-40CC-B9CC-94ED9A42169B}"
EndProject
Project("{FAE04EC0-301F-11D3-BF4B-00C04F79EFBC}") = "03.InsertNumbers", "03.InsertNumbers\03.InsertNumbers.csproj", "{C77B60FA-2052-48D0-B814-8C52AB54CC15}"
EndProject
Project("{FAE04EC0-301F-11D3-BF4B-00C04F79EFBC}") = "04.CompareText", "CompareText\04.CompareText.csproj", "{2D342114-4BF2-49AA-8029-8472970D75A4}"
EndProject
Project("{FAE04EC0-301F-11D3-BF4B-00C04F79EFBC}") = "05.MaxSUM", "05.MaxSUM\05.MaxSUM.csproj", "{731BB05A-47C3-4203-B4E7-8310A22D2B0E}"
EndProject
Project("{FAE04EC0-301F-11D3-BF4B-00C04F79EFBC}") = "06.SortedName", "06.SortedName\06.SortedName.csproj", "{730A1938-82BD-4C17-8E92-D69C24C307C3}"
EndProject
Project("{FAE04EC0-301F-11D3-BF4B-00C04F79EFBC}") = "07.SubString", "07.SubString\07.SubString.csproj", "{2226B718-46CB-4963-910D-7163D5D76500}"
EndProject
Project("{FAE04EC0-301F-11D3-BF4B-00C04F79EFBC}") = "08.ReplaceWord", "08.ReplaceWord\08.ReplaceWord.csproj", "{E000C82E-4A8A-459E-9B3B-A036FB9FB743}"
EndProject
Project("{FAE04EC0-301F-11D3-BF4B-00C04F79EFBC}") = "09.DeleteOddLine", "09.DeleteOddLine\09.DeleteOddLine.csproj", "{12C84D59-C6E0-4550-8373-D4031E69D4EC}"
EndProject
Project("{FAE04EC0-301F-11D3-BF4B-00C04F79EFBC}") = "10.ExtractText", "10.ExtractText\10.ExtractText.csproj", "{0CC46D30-ED2B-41EA-A85B-502ED9459C5A}"
EndProject
Global
	GlobalSection(SolutionConfigurationPlatforms) = preSolution
		Debug|Any CPU = Debug|Any CPU
		Release|Any CPU = Release|Any CPU
	EndGlobalSection
	GlobalSection(ProjectConfigurationPlatforms) = postSolution
		{32B3FC08-C1C1-406B-8D37-44DCA24F42A4}.Debug|Any CPU.ActiveCfg = Debug|Any CPU
		{32B3FC08-C1C1-406B-8D37-44DCA24F42A4}.Debug|Any CPU.Build.0 = Debug|Any CPU
		{32B3FC08-C1C1-406B-8D37-44DCA24F42A4}.Release|Any CPU.ActiveCfg = Release|Any CPU
		{32B3FC08-C1C1-406B-8D37-44DCA24F42A4}.Release|Any CPU.Build.0 = Release|Any CPU
		{551413AB-27BF-40CC-B9CC-94ED9A42169B}.Debug|Any CPU.ActiveCfg = Debug|Any CPU
		{551413AB-27BF-40CC-B9CC-94ED9A42169B}.Debug|Any CPU.Build.0 = Debug|Any CPU
		{551413AB-27BF-40CC-B9CC-94ED9A42169B}.Release|Any CPU.ActiveCfg = Release|Any CPU
		{551413AB-27BF-40CC-B9CC-94ED9A42169B}.Release|Any CPU.Build.0 = Release|Any CPU
		{C77B60FA-2052-48D0-B814-8C52AB54CC15}.Debug|Any CPU.ActiveCfg = Debug|Any CPU
		{C77B60FA-2052-48D0-B814-8C52AB54CC15}.Debug|Any CPU.Build.0 = Debug|Any CPU
		{C77B60FA-2052-48D0-B814-8C52AB54CC15}.Release|Any CPU.ActiveCfg = Release|Any CPU
		{C77B60FA-2052-48D0-B814-8C52AB54CC15}.Release|Any CPU.Build.0 = Release|Any CPU
		{2D342114-4BF2-49AA-8029-8472970D75A4}.Debug|Any CPU.ActiveCfg = Debug|Any CPU
		{2D342114-4BF2-49AA-8029-8472970D75A4}.Debug|Any CPU.Build.0 = Debug|Any CPU
		{2D342114-4BF2-49AA-8029-8472970D75A4}.Release|Any CPU.ActiveCfg = Release|Any CPU
		{2D342114-4BF2-49AA-8029-8472970D75A4}.Release|Any CPU.Build.0 = Release|Any CPU
		{731BB05A-47C3-4203-B4E7-8310A22D2B0E}.Debug|Any CPU.ActiveCfg = Debug|Any CPU
		{731BB05A-47C3-4203-B4E7-8310A22D2B0E}.Debug|Any CPU.Build.0 = Debug|Any CPU
		{731BB05A-47C3-4203-B4E7-8310A22D2B0E}.Release|Any CPU.ActiveCfg = Release|Any CPU
		{731BB05A-47C3-4203-B4E7-8310A22D2B0E}.Release|Any CPU.Build.0 = Release|Any CPU
		{730A1938-82BD-4C17-8E92-D69C24C307C3}.Debug|Any CPU.ActiveCfg = Debug|Any CPU
		{730A1938-82BD-4C17-8E92-D69C24C307C3}.Debug|Any CPU.Build.0 = Debug|Any CPU
		{730A1938-82BD-4C17-8E92-D69C24C307C3}.Release|Any CPU.ActiveCfg = Release|Any CPU
		{730A1938-82BD-4C17-8E92-D69C24C307C3}.Release|Any CPU.Build.0 = Release|Any CPU
		{2226B718-46CB-4963-910D-7163D5D76500}.Debug|Any CPU.ActiveCfg = Debug|Any CPU
		{2226B718-46CB-4963-910D-7163D5D76500}.Debug|Any CPU.Build.0 = Debug|Any CPU
		{2226B718-46CB-4963-910D-7163D5D76500}.Release|Any CPU.ActiveCfg = Release|Any CPU
		{2226B718-46CB-4963-910D-7163D5D76500}.Release|Any CPU.Build.0 = Release|Any CPU
		{E000C82E-4A8A-459E-9B3B-A036FB9FB743}.Debug|Any CPU.ActiveCfg = Debug|Any CPU
		{E000C82E-4A8A-459E-9B3B-A036FB9FB743}.Debug|Any CPU.Build.0 = Debug|Any CPU
		{E000C82E-4A8A-459E-9B3B-A036FB9FB743}.Release|Any CPU.ActiveCfg = Release|Any CPU
		{E000C82E-4A8A-459E-9B3B-A036FB9FB743}.Release|Any CPU.Build.0 = Release|Any CPU
		{12C84D59-C6E0-4550-8373-D4031E69D4EC}.Debug|Any CPU.ActiveCfg = Debug|Any CPU
		{12C84D59-C6E0-4550-8373-D4031E69D4EC}.Debug|Any CPU.Build.0 = Debug|Any CPU
		{12C84D59-C6E0-4550-8373-D4031E69D4EC}.Release|Any CPU.ActiveCfg = Release|Any CPU
		{12C84D59-C6E0-4550-8373-D4031E69D4EC}.Release|Any CPU.Build.0 = Release|Any CPU
		{0CC46D30-ED2B-41EA-A85B-502ED9459C5A}.Debug|Any CPU.ActiveCfg = Debug|Any CPU
		{0CC46D30-ED2B-41EA-A85B-502ED9459C5A}.Debug|Any CPU.Build.0 = Debug|Any CPU
		{0CC46D30-ED2B-41EA-A85B-502ED9459C5A}.Release|Any CPU.ActiveCfg = Release|Any CPU
		{0CC46D30-ED2B-41EA-A85B-502ED9459C5A}.Release|Any CPU.Build.0 = Release|Any CPU
	EndGlobalSection
	GlobalSection(SolutionProperties) = preSolution
		HideSolutionNode = FALSE
	EndGlobalSection
EndGlobal
